
Microsoft Visual Studio Solution File, Format Version 12.00
# Visual Studio 15
VisualStudioVersion = 15.0.28010.2026
MinimumVisualStudioVersion = 10.0.40219.1
Project("{FAE04EC0-301F-11D3-BF4B-00C04F79EFBC}") = "LJZY.MODEL", "LJZY.MODEL\LJZY.MODEL.csproj", "{887BD475-9155-4572-BADD-C9D5392A65B8}"
EndProject
Project("{FAE04EC0-301F-11D3-BF4B-00C04F79EFBC}") = "LJZY.DBUtility", "LJZY.DBUtility\LJZY.DBUtility.csproj", "{EC5D8BDC-665C-4475-BA77-C8C5DE5D855A}"
EndProject
Project("{FAE04EC0-301F-11D3-BF4B-00C04F79EFBC}") = "LJZY.DAO", "LJZY.DAO\LJZY.DAO.csproj", "{9C5712BD-B555-4F25-83D8-F6A74419EEC9}"
EndProject
Project("{FAE04EC0-301F-11D3-BF4B-00C04F79EFBC}") = "LJZY.COMMON", "LJZY.COMMON\LJZY.COMMON.csproj", "{E9484BCF-D8D1-49D3-978E-1CA0504C7956}"
EndProject
Project("{FAE04EC0-301F-11D3-BF4B-00C04F79EFBC}") = "LJZY.BLL", "LJZY.BLL\LJZY.BLL.csproj", "{3871A6E0-F244-4B68-BE77-542935DB48C9}"
EndProject
Project("{FAE04EC0-301F-11D3-BF4B-00C04F79EFBC}") = "LJZY.WEB", "LJZY.WEB\LJZY.WEB.csproj", "{EBF12056-1848-4FD8-9C36-0667D3604FCA}"
EndProject
Global
	GlobalSection(SolutionConfigurationPlatforms) = preSolution
		CD_ROM|Any CPU = CD_ROM|Any CPU
		CD_ROM|x64 = CD_ROM|x64
		CD_ROM|x86 = CD_ROM|x86
		Debug|Any CPU = Debug|Any CPU
		Debug|x64 = Debug|x64
		Debug|x86 = Debug|x86
		DVD-5|Any CPU = DVD-5|Any CPU
		DVD-5|x64 = DVD-5|x64
		DVD-5|x86 = DVD-5|x86
		Release|Any CPU = Release|Any CPU
		Release|x64 = Release|x64
		Release|x86 = Release|x86
		SingleImage|Any CPU = SingleImage|Any CPU
		SingleImage|x64 = SingleImage|x64
		SingleImage|x86 = SingleImage|x86
	EndGlobalSection
	GlobalSection(ProjectConfigurationPlatforms) = postSolution
		{887BD475-9155-4572-BADD-C9D5392A65B8}.CD_ROM|Any CPU.ActiveCfg = Release|Any CPU
		{887BD475-9155-4572-BADD-C9D5392A65B8}.CD_ROM|Any CPU.Build.0 = Release|Any CPU
		{887BD475-9155-4572-BADD-C9D5392A65B8}.CD_ROM|x64.ActiveCfg = Release|Any CPU
		{887BD475-9155-4572-BADD-C9D5392A65B8}.CD_ROM|x86.ActiveCfg = Release|Any CPU
		{887BD475-9155-4572-BADD-C9D5392A65B8}.Debug|Any CPU.ActiveCfg = Debug|Any CPU
		{887BD475-9155-4572-BADD-C9D5392A65B8}.Debug|Any CPU.Build.0 = Debug|Any CPU
		{887BD475-9155-4572-BADD-C9D5392A65B8}.Debug|x64.ActiveCfg = Debug|Any CPU
		{887BD475-9155-4572-BADD-C9D5392A65B8}.Debug|x64.Build.0 = Debug|Any CPU
		{887BD475-9155-4572-BADD-C9D5392A65B8}.Debug|x86.ActiveCfg = Debug|Any CPU
		{887BD475-9155-4572-BADD-C9D5392A65B8}.Debug|x86.Build.0 = Debug|Any CPU
		{887BD475-9155-4572-BADD-C9D5392A65B8}.DVD-5|Any CPU.ActiveCfg = Debug|Any CPU
		{887BD475-9155-4572-BADD-C9D5392A65B8}.DVD-5|Any CPU.Build.0 = Debug|Any CPU
		{887BD475-9155-4572-BADD-C9D5392A65B8}.DVD-5|x64.ActiveCfg = Debug|Any CPU
		{887BD475-9155-4572-BADD-C9D5392A65B8}.DVD-5|x86.ActiveCfg = Debug|Any CPU
		{887BD475-9155-4572-BADD-C9D5392A65B8}.Release|Any CPU.ActiveCfg = Release|Any CPU
		{887BD475-9155-4572-BADD-C9D5392A65B8}.Release|Any CPU.Build.0 = Release|Any CPU
		{887BD475-9155-4572-BADD-C9D5392A65B8}.Release|x64.ActiveCfg = Release|Any CPU
		{887BD475-9155-4572-BADD-C9D5392A65B8}.Release|x64.Build.0 = Release|Any CPU
		{887BD475-9155-4572-BADD-C9D5392A65B8}.Release|x86.ActiveCfg = Release|Any CPU
		{887BD475-9155-4572-BADD-C9D5392A65B8}.Release|x86.Build.0 = Release|Any CPU
		{887BD475-9155-4572-BADD-C9D5392A65B8}.SingleImage|Any CPU.ActiveCfg = Release|Any CPU
		{887BD475-9155-4572-BADD-C9D5392A65B8}.SingleImage|Any CPU.Build.0 = Release|Any CPU
		{887BD475-9155-4572-BADD-C9D5392A65B8}.SingleImage|x64.ActiveCfg = Release|Any CPU
		{887BD475-9155-4572-BADD-C9D5392A65B8}.SingleImage|x86.ActiveCfg = Release|Any CPU
		{EC5D8BDC-665C-4475-BA77-C8C5DE5D855A}.CD_ROM|Any CPU.ActiveCfg = Release|Any CPU
		{EC5D8BDC-665C-4475-BA77-C8C5DE5D855A}.CD_ROM|Any CPU.Build.0 = Release|Any CPU
		{EC5D8BDC-665C-4475-BA77-C8C5DE5D855A}.CD_ROM|x64.ActiveCfg = Release|Any CPU
		{EC5D8BDC-665C-4475-BA77-C8C5DE5D855A}.CD_ROM|x86.ActiveCfg = Release|Any CPU
		{EC5D8BDC-665C-4475-BA77-C8C5DE5D855A}.Debug|Any CPU.ActiveCfg = Debug|Any CPU
		{EC5D8BDC-665C-4475-BA77-C8C5DE5D855A}.Debug|Any CPU.Build.0 = Debug|Any CPU
		{EC5D8BDC-665C-4475-BA77-C8C5DE5D855A}.Debug|x64.ActiveCfg = Debug|Any CPU
		{EC5D8BDC-665C-4475-BA77-C8C5DE5D855A}.Debug|x64.Build.0 = Debug|Any CPU
		{EC5D8BDC-665C-4475-BA77-C8C5DE5D855A}.Debug|x86.ActiveCfg = Debug|Any CPU
		{EC5D8BDC-665C-4475-BA77-C8C5DE5D855A}.Debug|x86.Build.0 = Debug|Any CPU
		{EC5D8BDC-665C-4475-BA77-C8C5DE5D855A}.DVD-5|Any CPU.ActiveCfg = Debug|Any CPU
		{EC5D8BDC-665C-4475-BA77-C8C5DE5D855A}.DVD-5|Any CPU.Build.0 = Debug|Any CPU
		{EC5D8BDC-665C-4475-BA77-C8C5DE5D855A}.DVD-5|x64.ActiveCfg = Debug|Any CPU
		{EC5D8BDC-665C-4475-BA77-C8C5DE5D855A}.DVD-5|x86.ActiveCfg = Debug|Any CPU
		{EC5D8BDC-665C-4475-BA77-C8C5DE5D855A}.Release|Any CPU.ActiveCfg = Release|Any CPU
		{EC5D8BDC-665C-4475-BA77-C8C5DE5D855A}.Release|Any CPU.Build.0 = Release|Any CPU
		{EC5D8BDC-665C-4475-BA77-C8C5DE5D855A}.Release|x64.ActiveCfg = Release|Any CPU
		{EC5D8BDC-665C-4475-BA77-C8C5DE5D855A}.Release|x64.Build.0 = Release|Any CPU
		{EC5D8BDC-665C-4475-BA77-C8C5DE5D855A}.Release|x86.ActiveCfg = Release|Any CPU
		{EC5D8BDC-665C-4475-BA77-C8C5DE5D855A}.Release|x86.Build.0 = Release|Any CPU
		{EC5D8BDC-665C-4475-BA77-C8C5DE5D855A}.SingleImage|Any CPU.ActiveCfg = Release|Any CPU
		{EC5D8BDC-665C-4475-BA77-C8C5DE5D855A}.SingleImage|Any CPU.Build.0 = Release|Any CPU
		{EC5D8BDC-665C-4475-BA77-C8C5DE5D855A}.SingleImage|x64.ActiveCfg = Release|Any CPU
		{EC5D8BDC-665C-4475-BA77-C8C5DE5D855A}.SingleImage|x86.ActiveCfg = Release|Any CPU
		{9C5712BD-B555-4F25-83D8-F6A74419EEC9}.CD_ROM|Any CPU.ActiveCfg = Release|Any CPU
		{9C5712BD-B555-4F25-83D8-F6A74419EEC9}.CD_ROM|Any CPU.Build.0 = Release|Any CPU
		{9C5712BD-B555-4F25-83D8-F6A74419EEC9}.CD_ROM|x64.ActiveCfg = Release|Any CPU
		{9C5712BD-B555-4F25-83D8-F6A74419EEC9}.CD_ROM|x86.ActiveCfg = Release|Any CPU
		{9C5712BD-B555-4F25-83D8-F6A74419EEC9}.Debug|Any CPU.ActiveCfg = Debug|Any CPU
		{9C5712BD-B555-4F25-83D8-F6A74419EEC9}.Debug|Any CPU.Build.0 = Debug|Any CPU
		{9C5712BD-B555-4F25-83D8-F6A74419EEC9}.Debug|x64.ActiveCfg = Debug|Any CPU
		{9C5712BD-B555-4F25-83D8-F6A74419EEC9}.Debug|x64.Build.0 = Debug|Any CPU
		{9C5712BD-B555-4F25-83D8-F6A74419EEC9}.Debug|x86.ActiveCfg = Debug|Any CPU
		{9C5712BD-B555-4F25-83D8-F6A74419EEC9}.Debug|x86.Build.0 = Debug|Any CPU
		{9C5712BD-B555-4F25-83D8-F6A74419EEC9}.DVD-5|Any CPU.ActiveCfg = Debug|Any CPU
		{9C5712BD-B555-4F25-83D8-F6A74419EEC9}.DVD-5|Any CPU.Build.0 = Debug|Any CPU
		{9C5712BD-B555-4F25-83D8-F6A74419EEC9}.DVD-5|x64.ActiveCfg = Debug|Any CPU
		{9C5712BD-B555-4F25-83D8-F6A74419EEC9}.DVD-5|x86.ActiveCfg = Debug|Any CPU
		{9C5712BD-B555-4F25-83D8-F6A74419EEC9}.Release|Any CPU.ActiveCfg = Release|Any CPU
		{9C5712BD-B555-4F25-83D8-F6A74419EEC9}.Release|Any CPU.Build.0 = Release|Any CPU
		{9C5712BD-B555-4F25-83D8-F6A74419EEC9}.Release|x64.ActiveCfg = Release|Any CPU
		{9C5712BD-B555-4F25-83D8-F6A74419EEC9}.Release|x64.Build.0 = Release|Any CPU
		{9C5712BD-B555-4F25-83D8-F6A74419EEC9}.Release|x86.ActiveCfg = Release|Any CPU
		{9C5712BD-B555-4F25-83D8-F6A74419EEC9}.Release|x86.Build.0 = Release|Any CPU
		{9C5712BD-B555-4F25-83D8-F6A74419EEC9}.SingleImage|Any CPU.ActiveCfg = Release|Any CPU
		{9C5712BD-B555-4F25-83D8-F6A74419EEC9}.SingleImage|Any CPU.Build.0 = Release|Any CPU
		{9C5712BD-B555-4F25-83D8-F6A74419EEC9}.SingleImage|x64.ActiveCfg = Release|Any CPU
		{9C5712BD-B555-4F25-83D8-F6A74419EEC9}.SingleImage|x86.ActiveCfg = Release|Any CPU
		{E9484BCF-D8D1-49D3-978E-1CA0504C7956}.CD_ROM|Any CPU.ActiveCfg = Release|Any CPU
		{E9484BCF-D8D1-49D3-978E-1CA0504C7956}.CD_ROM|Any CPU.Build.0 = Release|Any CPU
		{E9484BCF-D8D1-49D3-978E-1CA0504C7956}.CD_ROM|x64.ActiveCfg = Release|Any CPU
		{E9484BCF-D8D1-49D3-978E-1CA0504C7956}.CD_ROM|x86.ActiveCfg = Release|Any CPU
		{E9484BCF-D8D1-49D3-978E-1CA0504C7956}.Debug|Any CPU.ActiveCfg = Debug|Any CPU
		{E9484BCF-D8D1-49D3-978E-1CA0504C7956}.Debug|Any CPU.Build.0 = Debug|Any CPU
		{E9484BCF-D8D1-49D3-978E-1CA0504C7956}.Debug|x64.ActiveCfg = Debug|Any CPU
		{E9484BCF-D8D1-49D3-978E-1CA0504C7956}.Debug|x64.Build.0 = Debug|Any CPU
		{E9484BCF-D8D1-49D3-978E-1CA0504C7956}.Debug|x86.ActiveCfg = Debug|Any CPU
		{E9484BCF-D8D1-49D3-978E-1CA0504C7956}.Debug|x86.Build.0 = Debug|Any CPU
		{E9484BCF-D8D1-49D3-978E-1CA0504C7956}.DVD-5|Any CPU.ActiveCfg = Debug|Any CPU
		{E9484BCF-D8D1-49D3-978E-1CA0504C7956}.DVD-5|Any CPU.Build.0 = Debug|Any CPU
		{E9484BCF-D8D1-49D3-978E-1CA0504C7956}.DVD-5|x64.ActiveCfg = Debug|Any CPU
		{E9484BCF-D8D1-49D3-978E-1CA0504C7956}.DVD-5|x86.ActiveCfg = Debug|Any CPU
		{E9484BCF-D8D1-49D3-978E-1CA0504C7956}.Release|Any CPU.ActiveCfg = Release|Any CPU
		{E9484BCF-D8D1-49D3-978E-1CA0504C7956}.Release|Any CPU.Build.0 = Release|Any CPU
		{E9484BCF-D8D1-49D3-978E-1CA0504C7956}.Release|x64.ActiveCfg = Release|Any CPU
		{E9484BCF-D8D1-49D3-978E-1CA0504C7956}.Release|x64.Build.0 = Release|Any CPU
		{E9484BCF-D8D1-49D3-978E-1CA0504C7956}.Release|x86.ActiveCfg = Release|Any CPU
		{E9484BCF-D8D1-49D3-978E-1CA0504C7956}.Release|x86.Build.0 = Release|Any CPU
		{E9484BCF-D8D1-49D3-978E-1CA0504C7956}.SingleImage|Any CPU.ActiveCfg = Release|Any CPU
		{E9484BCF-D8D1-49D3-978E-1CA0504C7956}.SingleImage|Any CPU.Build.0 = Release|Any CPU
		{E9484BCF-D8D1-49D3-978E-1CA0504C7956}.SingleImage|x64.ActiveCfg = Release|Any CPU
		{E9484BCF-D8D1-49D3-978E-1CA0504C7956}.SingleImage|x86.ActiveCfg = Release|Any CPU
		{3871A6E0-F244-4B68-BE77-542935DB48C9}.CD_ROM|Any CPU.ActiveCfg = Release|Any CPU
		{3871A6E0-F244-4B68-BE77-542935DB48C9}.CD_ROM|Any CPU.Build.0 = Release|Any CPU
		{3871A6E0-F244-4B68-BE77-542935DB48C9}.CD_ROM|x64.ActiveCfg = Release|Any CPU
		{3871A6E0-F244-4B68-BE77-542935DB48C9}.CD_ROM|x86.ActiveCfg = Release|Any CPU
		{3871A6E0-F244-4B68-BE77-542935DB48C9}.Debug|Any CPU.ActiveCfg = Debug|Any CPU
		{3871A6E0-F244-4B68-BE77-542935DB48C9}.Debug|Any CPU.Build.0 = Debug|Any CPU
		{3871A6E0-F244-4B68-BE77-542935DB48C9}.Debug|x64.ActiveCfg = Debug|Any CPU
		{3871A6E0-F244-4B68-BE77-542935DB48C9}.Debug|x64.Build.0 = Debug|Any CPU
		{3871A6E0-F244-4B68-BE77-542935DB48C9}.Debug|x86.ActiveCfg = Debug|Any CPU
		{3871A6E0-F244-4B68-BE77-542935DB48C9}.Debug|x86.Build.0 = Debug|Any CPU
		{3871A6E0-F244-4B68-BE77-542935DB48C9}.DVD-5|Any CPU.ActiveCfg = Debug|Any CPU
		{3871A6E0-F244-4B68-BE77-542935DB48C9}.DVD-5|Any CPU.Build.0 = Debug|Any CPU
		{3871A6E0-F244-4B68-BE77-542935DB48C9}.DVD-5|x64.ActiveCfg = Debug|Any CPU
		{3871A6E0-F244-4B68-BE77-542935DB48C9}.DVD-5|x86.ActiveCfg = Debug|Any CPU
		{3871A6E0-F244-4B68-BE77-542935DB48C9}.Release|Any CPU.ActiveCfg = Release|Any CPU
		{3871A6E0-F244-4B68-BE77-542935DB48C9}.Release|Any CPU.Build.0 = Release|Any CPU
		{3871A6E0-F244-4B68-BE77-542935DB48C9}.Release|x64.ActiveCfg = Release|Any CPU
		{3871A6E0-F244-4B68-BE77-542935DB48C9}.Release|x64.Build.0 = Release|Any CPU
		{3871A6E0-F244-4B68-BE77-542935DB48C9}.Release|x86.ActiveCfg = Release|Any CPU
		{3871A6E0-F244-4B68-BE77-542935DB48C9}.Release|x86.Build.0 = Release|Any CPU
		{3871A6E0-F244-4B68-BE77-542935DB48C9}.SingleImage|Any CPU.ActiveCfg = Release|Any CPU
		{3871A6E0-F244-4B68-BE77-542935DB48C9}.SingleImage|Any CPU.Build.0 = Release|Any CPU
		{3871A6E0-F244-4B68-BE77-542935DB48C9}.SingleImage|x64.ActiveCfg = Release|Any CPU
		{3871A6E0-F244-4B68-BE77-542935DB48C9}.SingleImage|x86.ActiveCfg = Release|Any CPU
		{EBF12056-1848-4FD8-9C36-0667D3604FCA}.CD_ROM|Any CPU.ActiveCfg = Release|Any CPU
		{EBF12056-1848-4FD8-9C36-0667D3604FCA}.CD_ROM|Any CPU.Build.0 = Release|Any CPU
		{EBF12056-1848-4FD8-9C36-0667D3604FCA}.CD_ROM|x64.ActiveCfg = Release|Any CPU
		{EBF12056-1848-4FD8-9C36-0667D3604FCA}.CD_ROM|x86.ActiveCfg = Release|Any CPU
		{EBF12056-1848-4FD8-9C36-0667D3604FCA}.Debug|Any CPU.ActiveCfg = Debug|Any CPU
		{EBF12056-1848-4FD8-9C36-0667D3604FCA}.Debug|Any CPU.Build.0 = Debug|Any CPU
		{EBF12056-1848-4FD8-9C36-0667D3604FCA}.Debug|x64.ActiveCfg = Debug|Any CPU
		{EBF12056-1848-4FD8-9C36-0667D3604FCA}.Debug|x86.ActiveCfg = Debug|Any CPU
		{EBF12056-1848-4FD8-9C36-0667D3604FCA}.DVD-5|Any CPU.ActiveCfg = Debug|Any CPU
		{EBF12056-1848-4FD8-9C36-0667D3604FCA}.DVD-5|Any CPU.Build.0 = Debug|Any CPU
		{EBF12056-1848-4FD8-9C36-0667D3604FCA}.DVD-5|x64.ActiveCfg = Debug|Any CPU
		{EBF12056-1848-4FD8-9C36-0667D3604FCA}.DVD-5|x86.ActiveCfg = Debug|Any CPU
		{EBF12056-1848-4FD8-9C36-0667D3604FCA}.Release|Any CPU.ActiveCfg = Release|Any CPU
		{EBF12056-1848-4FD8-9C36-0667D3604FCA}.Release|Any CPU.Build.0 = Release|Any CPU
		{EBF12056-1848-4FD8-9C36-0667D3604FCA}.Release|x64.ActiveCfg = Release|Any CPU
		{EBF12056-1848-4FD8-9C36-0667D3604FCA}.Release|x86.ActiveCfg = Release|Any CPU
		{EBF12056-1848-4FD8-9C36-0667D3604FCA}.SingleImage|Any CPU.ActiveCfg = Release|Any CPU
		{EBF12056-1848-4FD8-9C36-0667D3604FCA}.SingleImage|Any CPU.Build.0 = Release|Any CPU
		{EBF12056-1848-4FD8-9C36-0667D3604FCA}.SingleImage|x64.ActiveCfg = Release|Any CPU
		{EBF12056-1848-4FD8-9C36-0667D3604FCA}.SingleImage|x86.ActiveCfg = Release|Any CPU
	EndGlobalSection
	GlobalSection(SolutionProperties) = preSolution
		HideSolutionNode = FALSE
	EndGlobalSection
	GlobalSection(ExtensibilityGlobals) = postSolution
		SolutionGuid = {63FEE2B3-DE71-4206-A3E9-971C2C51018D}
	EndGlobalSection
EndGlobal
